
Microsoft Visual Studio Solution File, Format Version 12.00
# Visual Studio Version 17
VisualStudioVersion = 17.11.35208.52
MinimumVisualStudioVersion = 10.0.40219.1
Project("{FAE04EC0-301F-11D3-BF4B-00C04F79EFBC}") = "EmployeeManagement", "EmployeeManagement\EmployeeManagement.csproj", "{2FFD3926-710F-453B-9D9B-9A97B01A3113}"
EndProject
Project("{FAE04EC0-301F-11D3-BF4B-00C04F79EFBC}") = "EmployeeManagement.Domain", "EmployeeManagement.Domain\EmployeeManagement.Domain.csproj", "{725B969A-D214-4900-B049-06E7CEF9D2CF}"
EndProject
Project("{FAE04EC0-301F-11D3-BF4B-00C04F79EFBC}") = "EmployeeManagement.Application", "EmployeeManagement.Application\EmployeeManagement.Application.csproj", "{1149DBC8-1229-43B9-9101-E1830125EE5C}"
EndProject
Project("{FAE04EC0-301F-11D3-BF4B-00C04F79EFBC}") = "EmployeeManagement.Infrastructure", "EmployeeManagement.Infrastructure\EmployeeManagement.Infrastructure.csproj", "{E8D8806B-DAEF-4D08-B0EE-30093F6BAB2C}"
EndProject
Project("{FAE04EC0-301F-11D3-BF4B-00C04F79EFBC}") = "EmployeeManagement.Test", "EmployeeManagement.Test\EmployeeManagement.Test.csproj", "{757E49CC-B508-47F1-A265-15E50D2E36B3}"
EndProject
Global
	GlobalSection(SolutionConfigurationPlatforms) = preSolution
		Debug|Any CPU = Debug|Any CPU
		Release|Any CPU = Release|Any CPU
	EndGlobalSection
	GlobalSection(ProjectConfigurationPlatforms) = postSolution
		{2FFD3926-710F-453B-9D9B-9A97B01A3113}.Debug|Any CPU.ActiveCfg = Debug|Any CPU
		{2FFD3926-710F-453B-9D9B-9A97B01A3113}.Debug|Any CPU.Build.0 = Debug|Any CPU
		{2FFD3926-710F-453B-9D9B-9A97B01A3113}.Release|Any CPU.ActiveCfg = Release|Any CPU
		{2FFD3926-710F-453B-9D9B-9A97B01A3113}.Release|Any CPU.Build.0 = Release|Any CPU
		{725B969A-D214-4900-B049-06E7CEF9D2CF}.Debug|Any CPU.ActiveCfg = Debug|Any CPU
		{725B969A-D214-4900-B049-06E7CEF9D2CF}.Debug|Any CPU.Build.0 = Debug|Any CPU
		{725B969A-D214-4900-B049-06E7CEF9D2CF}.Release|Any CPU.ActiveCfg = Release|Any CPU
		{725B969A-D214-4900-B049-06E7CEF9D2CF}.Release|Any CPU.Build.0 = Release|Any CPU
		{1149DBC8-1229-43B9-9101-E1830125EE5C}.Debug|Any CPU.ActiveCfg = Debug|Any CPU
		{1149DBC8-1229-43B9-9101-E1830125EE5C}.Debug|Any CPU.Build.0 = Debug|Any CPU
		{1149DBC8-1229-43B9-9101-E1830125EE5C}.Release|Any CPU.ActiveCfg = Release|Any CPU
		{1149DBC8-1229-43B9-9101-E1830125EE5C}.Release|Any CPU.Build.0 = Release|Any CPU
		{E8D8806B-DAEF-4D08-B0EE-30093F6BAB2C}.Debug|Any CPU.ActiveCfg = Debug|Any CPU
		{E8D8806B-DAEF-4D08-B0EE-30093F6BAB2C}.Debug|Any CPU.Build.0 = Debug|Any CPU
		{E8D8806B-DAEF-4D08-B0EE-30093F6BAB2C}.Release|Any CPU.ActiveCfg = Release|Any CPU
		{E8D8806B-DAEF-4D08-B0EE-30093F6BAB2C}.Release|Any CPU.Build.0 = Release|Any CPU
		{757E49CC-B508-47F1-A265-15E50D2E36B3}.Debug|Any CPU.ActiveCfg = Debug|Any CPU
		{757E49CC-B508-47F1-A265-15E50D2E36B3}.Debug|Any CPU.Build.0 = Debug|Any CPU
		{757E49CC-B508-47F1-A265-15E50D2E36B3}.Release|Any CPU.ActiveCfg = Release|Any CPU
		{757E49CC-B508-47F1-A265-15E50D2E36B3}.Release|Any CPU.Build.0 = Release|Any CPU
	EndGlobalSection
	GlobalSection(SolutionProperties) = preSolution
		HideSolutionNode = FALSE
	EndGlobalSection
	GlobalSection(ExtensibilityGlobals) = postSolution
		SolutionGuid = {BAAF8117-6549-472D-80EE-9798808ED54E}
	EndGlobalSection
EndGlobal
